// !$*UTF8*$!
{
	archiveVersion = 1;
	classes = {
	};
	objectVersion = 50;
	objects = {

/* Begin PBXBuildFile section */
		182929B722856F7A00E65FC1 /* beanscoffee.jpg in Resources */ = {isa = PBXBuildFile; fileRef = 182929B622856F7900E65FC1 /* beanscoffee.jpg */; };
		186C0473228C12F20056B3E6 /* coffee_glass.png in Resources */ = {isa = PBXBuildFile; fileRef = 186C0472228C12F20056B3E6 /* coffee_glass.png */; };
		18B08FC2222B13700028F450 /* AppDelegate.swift in Sources */ = {isa = PBXBuildFile; fileRef = 18B08FC1222B13700028F450 /* AppDelegate.swift */; };
		18B08FC4222B13700028F450 /* ViewController.swift in Sources */ = {isa = PBXBuildFile; fileRef = 18B08FC3222B13700028F450 /* ViewController.swift */; };
		18B08FC7222B13700028F450 /* Main.storyboard in Resources */ = {isa = PBXBuildFile; fileRef = 18B08FC5222B13700028F450 /* Main.storyboard */; };
		18B08FC9222B13710028F450 /* Assets.xcassets in Resources */ = {isa = PBXBuildFile; fileRef = 18B08FC8222B13710028F450 /* Assets.xcassets */; };
		18B08FCC222B13710028F450 /* LaunchScreen.storyboard in Resources */ = {isa = PBXBuildFile; fileRef = 18B08FCA222B13710028F450 /* LaunchScreen.storyboard */; };
		18EFC849227EEBD000DA378E /* coffee_beans_1920x1080.jpg in Resources */ = {isa = PBXBuildFile; fileRef = 18EFC848227EEBD000DA378E /* coffee_beans_1920x1080.jpg */; };
		BCA93C2998EC7894D6F37004 /* Pods_The_Coffee_Advisor.framework in Frameworks */ = {isa = PBXBuildFile; fileRef = 3749688CF010B22B271AE958 /* Pods_The_Coffee_Advisor.framework */; };
/* End PBXBuildFile section */

/* Begin PBXFileReference section */
		182929B622856F7900E65FC1 /* beanscoffee.jpg */ = {isa = PBXFileReference; lastKnownFileType = image.jpeg; path = beanscoffee.jpg; sourceTree = "<group>"; };
		186C0472228C12F20056B3E6 /* coffee_glass.png */ = {isa = PBXFileReference; lastKnownFileType = image.png; path = coffee_glass.png; sourceTree = "<group>"; };
		18B08FBE222B13700028F450 /* The Coffee Advisor.app */ = {isa = PBXFileReference; explicitFileType = wrapper.application; includeInIndex = 0; path = "The Coffee Advisor.app"; sourceTree = BUILT_PRODUCTS_DIR; };
		18B08FC1222B13700028F450 /* AppDelegate.swift */ = {isa = PBXFileReference; lastKnownFileType = sourcecode.swift; path = AppDelegate.swift; sourceTree = "<group>"; };
		18B08FC3222B13700028F450 /* ViewController.swift */ = {isa = PBXFileReference; lastKnownFileType = sourcecode.swift; path = ViewController.swift; sourceTree = "<group>"; };
		18B08FC6222B13700028F450 /* Base */ = {isa = PBXFileReference; lastKnownFileType = file.storyboard; name = Base; path = Base.lproj/Main.storyboard; sourceTree = "<group>"; };
		18B08FC8222B13710028F450 /* Assets.xcassets */ = {isa = PBXFileReference; lastKnownFileType = folder.assetcatalog; path = Assets.xcassets; sourceTree = "<group>"; };
		18B08FCB222B13710028F450 /* Base */ = {isa = PBXFileReference; lastKnownFileType = file.storyboard; name = Base; path = Base.lproj/LaunchScreen.storyboard; sourceTree = "<group>"; };
		18B08FCD222B13710028F450 /* Info.plist */ = {isa = PBXFileReference; lastKnownFileType = text.plist.xml; path = Info.plist; sourceTree = "<group>"; };
		18EFC848227EEBD000DA378E /* coffee_beans_1920x1080.jpg */ = {isa = PBXFileReference; lastKnownFileType = image.jpeg; path = coffee_beans_1920x1080.jpg; sourceTree = "<group>"; };
		3749688CF010B22B271AE958 /* Pods_The_Coffee_Advisor.framework */ = {isa = PBXFileReference; explicitFileType = wrapper.framework; includeInIndex = 0; path = Pods_The_Coffee_Advisor.framework; sourceTree = BUILT_PRODUCTS_DIR; };
		7333CCB69C16AB1DB3F545B4 /* Pods-The Coffee Advisor.release.xcconfig */ = {isa = PBXFileReference; includeInIndex = 1; lastKnownFileType = text.xcconfig; name = "Pods-The Coffee Advisor.release.xcconfig"; path = "Pods/Target Support Files/Pods-The Coffee Advisor/Pods-The Coffee Advisor.release.xcconfig"; sourceTree = "<group>"; };
		8857E832F038A34BED979856 /* Pods-The Coffee Advisor.debug.xcconfig */ = {isa = PBXFileReference; includeInIndex = 1; lastKnownFileType = text.xcconfig; name = "Pods-The Coffee Advisor.debug.xcconfig"; path = "Pods/Target Support Files/Pods-The Coffee Advisor/Pods-The Coffee Advisor.debug.xcconfig"; sourceTree = "<group>"; };
/* End PBXFileReference section */

/* Begin PBXFrameworksBuildPhase section */
		18B08FBB222B13700028F450 /* Frameworks */ = {
			isa = PBXFrameworksBuildPhase;
			buildActionMask = 2147483647;
			files = (
				BCA93C2998EC7894D6F37004 /* Pods_The_Coffee_Advisor.framework in Frameworks */,
			);
			runOnlyForDeploymentPostprocessing = 0;
		};
/* End PBXFrameworksBuildPhase section */

/* Begin PBXGroup section */
		18B08FB5222B13700028F450 = {
			isa = PBXGroup;
			children = (
				18B08FC0222B13700028F450 /* The Coffee Advisor */,
				18B08FBF222B13700028F450 /* Products */,
				CE4D6F86519E927BEAA4C0CC /* Pods */,
				A429D9DD8F704B8CDC674586 /* Frameworks */,
			);
			sourceTree = "<group>";
		};
		18B08FBF222B13700028F450 /* Products */ = {
			isa = PBXGroup;
			children = (
				18B08FBE222B13700028F450 /* The Coffee Advisor.app */,
			);
			name = Products;
			sourceTree = "<group>";
		};
		18B08FC0222B13700028F450 /* The Coffee Advisor */ = {
			isa = PBXGroup;
			children = (
				18EFC848227EEBD000DA378E /* coffee_beans_1920x1080.jpg */,
				182929B622856F7900E65FC1 /* beanscoffee.jpg */,
				186C0472228C12F20056B3E6 /* coffee_glass.png */,
				18B08FC1222B13700028F450 /* AppDelegate.swift */,
				18B08FC3222B13700028F450 /* ViewController.swift */,
				18B08FC5222B13700028F450 /* Main.storyboard */,
				18B08FC8222B13710028F450 /* Assets.xcassets */,
				18B08FCA222B13710028F450 /* LaunchScreen.storyboard */,
				18B08FCD222B13710028F450 /* Info.plist */,
			);
			path = "The Coffee Advisor";
			sourceTree = "<group>";
		};
		A429D9DD8F704B8CDC674586 /* Frameworks */ = {
			isa = PBXGroup;
			children = (
				3749688CF010B22B271AE958 /* Pods_The_Coffee_Advisor.framework */,
			);
			name = Frameworks;
			sourceTree = "<group>";
		};
		CE4D6F86519E927BEAA4C0CC /* Pods */ = {
			isa = PBXGroup;
			children = (
				8857E832F038A34BED979856 /* Pods-The Coffee Advisor.debug.xcconfig */,
				7333CCB69C16AB1DB3F545B4 /* Pods-The Coffee Advisor.release.xcconfig */,
			);
			name = Pods;
			sourceTree = "<group>";
		};
/* End PBXGroup section */

/* Begin PBXNativeTarget section */
		18B08FBD222B13700028F450 /* The Coffee Advisor */ = {
			isa = PBXNativeTarget;
			buildConfigurationList = 18B08FD0222B13710028F450 /* Build configuration list for PBXNativeTarget "The Coffee Advisor" */;
			buildPhases = (
				A661063DC34F7633E8F3695A /* [CP] Check Pods Manifest.lock */,
				18B08FBA222B13700028F450 /* Sources */,
				18B08FBB222B13700028F450 /* Frameworks */,
				18B08FBC222B13700028F450 /* Resources */,
				7D12FE77BA01F7A1AF8E44DD /* [CP] Embed Pods Frameworks */,
			);
			buildRules = (
			);
			dependencies = (
			);
			name = "The Coffee Advisor";
			productName = "The Coffee Advisor";
			productReference = 18B08FBE222B13700028F450 /* The Coffee Advisor.app */;
			productType = "com.apple.product-type.application";
		};
/* End PBXNativeTarget section */

/* Begin PBXProject section */
		18B08FB6222B13700028F450 /* Project object */ = {
			isa = PBXProject;
			attributes = {
				LastSwiftUpdateCheck = 1010;
				LastUpgradeCheck = 1010;
				ORGANIZATIONNAME = "Koray Karakurt";
				TargetAttributes = {
					18B08FBD222B13700028F450 = {
						CreatedOnToolsVersion = 10.1;
						LastSwiftMigration = 1020;
					};
				};
			};
			buildConfigurationList = 18B08FB9222B13700028F450 /* Build configuration list for PBXProject "The Coffee Advisor" */;
			compatibilityVersion = "Xcode 9.3";
			developmentRegion = en;
			hasScannedForEncodings = 0;
			knownRegions = (
				en,
				Base,
			);
			mainGroup = 18B08FB5222B13700028F450;
			productRefGroup = 18B08FBF222B13700028F450 /* Products */;
			projectDirPath = "";
			projectRoot = "";
			targets = (
				18B08FBD222B13700028F450 /* The Coffee Advisor */,
			);
		};
/* End PBXProject section */

/* Begin PBXResourcesBuildPhase section */
		18B08FBC222B13700028F450 /* Resources */ = {
			isa = PBXResourcesBuildPhase;
			buildActionMask = 2147483647;
			files = (
				182929B722856F7A00E65FC1 /* beanscoffee.jpg in Resources */,
				18B08FCC222B13710028F450 /* LaunchScreen.storyboard in Resources */,
				18EFC849227EEBD000DA378E /* coffee_beans_1920x1080.jpg in Resources */,
				18B08FC9222B13710028F450 /* Assets.xcassets in Resources */,
				186C0473228C12F20056B3E6 /* coffee_glass.png in Resources */,
				18B08FC7222B13700028F450 /* Main.storyboard in Resources */,
			);
			runOnlyForDeploymentPostprocessing = 0;
		};
/* End PBXResourcesBuildPhase section */

/* Begin PBXShellScriptBuildPhase section */
		7D12FE77BA01F7A1AF8E44DD /* [CP] Embed Pods Frameworks */ = {
			isa = PBXShellScriptBuildPhase;
			buildActionMask = 2147483647;
			files = (
			);
			inputFileListPaths = (
			);
			inputPaths = (
				"${SRCROOT}/Pods/Target Support Files/Pods-The Coffee Advisor/Pods-The Coffee Advisor-frameworks.sh",
				"${BUILT_PRODUCTS_DIR}/UIMultiPicker/UIMultiPicker.framework",
			);
			name = "[CP] Embed Pods Frameworks";
			outputFileListPaths = (
			);
			outputPaths = (
				"${TARGET_BUILD_DIR}/${FRAMEWORKS_FOLDER_PATH}/UIMultiPicker.framework",
			);
			runOnlyForDeploymentPostprocessing = 0;
			shellPath = /bin/sh;
			shellScript = "\"${SRCROOT}/Pods/Target Support Files/Pods-The Coffee Advisor/Pods-The Coffee Advisor-frameworks.sh\"\n";
			showEnvVarsInLog = 0;
		};
		A661063DC34F7633E8F3695A /* [CP] Check Pods Manifest.lock */ = {
			isa = PBXShellScriptBuildPhase;
			buildActionMask = 2147483647;
			files = (
			);
			inputFileListPaths = (
			);
			inputPaths = (
				"${PODS_PODFILE_DIR_PATH}/Podfile.lock",
				"${PODS_ROOT}/Manifest.lock",
			);
			name = "[CP] Check Pods Manifest.lock";
			outputFileListPaths = (
			);
			outputPaths = (
				"$(DERIVED_FILE_DIR)/Pods-The Coffee Advisor-checkManifestLockResult.txt",
			);
			runOnlyForDeploymentPostprocessing = 0;
			shellPath = /bin/sh;
			shellScript = "diff \"${PODS_PODFILE_DIR_PATH}/Podfile.lock\" \"${PODS_ROOT}/Manifest.lock\" > /dev/null\nif [ $? != 0 ] ; then\n    # print error to STDERR\n    echo \"error: The sandbox is not in sync with the Podfile.lock. Run 'pod install' or update your CocoaPods installation.\" >&2\n    exit 1\nfi\n# This output is used by Xcode 'outputs' to avoid re-running this script phase.\necho \"SUCCESS\" > \"${SCRIPT_OUTPUT_FILE_0}\"\n";
			showEnvVarsInLog = 0;
		};
/* End PBXShellScriptBuildPhase section */

/* Begin PBXSourcesBuildPhase section */
		18B08FBA222B13700028F450 /* Sources */ = {
			isa = PBXSourcesBuildPhase;
			buildActionMask = 2147483647;
			files = (
				18B08FC4222B13700028F450 /* ViewController.swift in Sources */,
				18B08FC2222B13700028F450 /* AppDelegate.swift in Sources */,
			);
			runOnlyForDeploymentPostprocessing = 0;
		};
/* End PBXSourcesBuildPhase section */

/* Begin PBXVariantGroup section */
		18B08FC5222B13700028F450 /* Main.storyboard */ = {
			isa = PBXVariantGroup;
			children = (
				18B08FC6222B13700028F450 /* Base */,
			);
			name = Main.storyboard;
			sourceTree = "<group>";
		};
		18B08FCA222B13710028F450 /* LaunchScreen.storyboard */ = {
			isa = PBXVariantGroup;
			children = (
				18B08FCB222B13710028F450 /* Base */,
			);
			name = LaunchScreen.storyboard;
			sourceTree = "<group>";
		};
/* End PBXVariantGroup section */

/* Begin XCBuildConfiguration section */
		18B08FCE222B13710028F450 /* Debug */ = {
			isa = XCBuildConfiguration;
			buildSettings = {
				ALWAYS_SEARCH_USER_PATHS = NO;
				CLANG_ANALYZER_NONNULL = YES;
				CLANG_ANALYZER_NUMBER_OBJECT_CONVERSION = YES_AGGRESSIVE;
				CLANG_CXX_LANGUAGE_STANDARD = "gnu++14";
				CLANG_CXX_LIBRARY = "libc++";
				CLANG_ENABLE_MODULES = YES;
				CLANG_ENABLE_OBJC_ARC = YES;
				CLANG_ENABLE_OBJC_WEAK = YES;
				CLANG_WARN_BLOCK_CAPTURE_AUTORELEASING = YES;
				CLANG_WARN_BOOL_CONVERSION = YES;
				CLANG_WARN_COMMA = YES;
				CLANG_WARN_CONSTANT_CONVERSION = YES;
				CLANG_WARN_DEPRECATED_OBJC_IMPLEMENTATIONS = YES;
				CLANG_WARN_DIRECT_OBJC_ISA_USAGE = YES_ERROR;
				CLANG_WARN_DOCUMENTATION_COMMENTS = YES;
				CLANG_WARN_EMPTY_BODY = YES;
				CLANG_WARN_ENUM_CONVERSION = YES;
				CLANG_WARN_INFINITE_RECURSION = YES;
				CLANG_WARN_INT_CONVERSION = YES;
				CLANG_WARN_NON_LITERAL_NULL_CONVERSION = YES;
				CLANG_WARN_OBJC_IMPLICIT_RETAIN_SELF = YES;
				CLANG_WARN_OBJC_LITERAL_CONVERSION = YES;
				CLANG_WARN_OBJC_ROOT_CLASS = YES_ERROR;
				CLANG_WARN_RANGE_LOOP_ANALYSIS = YES;
				CLANG_WARN_STRICT_PROTOTYPES = YES;
				CLANG_WARN_SUSPICIOUS_MOVE = YES;
				CLANG_WARN_UNGUARDED_AVAILABILITY = YES_AGGRESSIVE;
				CLANG_WARN_UNREACHABLE_CODE = YES;
				CLANG_WARN__DUPLICATE_METHOD_MATCH = YES;
				CODE_SIGN_IDENTITY = "iPhone Developer";
				COPY_PHASE_STRIP = NO;
				DEBUG_INFORMATION_FORMAT = dwarf;
				ENABLE_STRICT_OBJC_MSGSEND = YES;
				ENABLE_TESTABILITY = YES;
				GCC_C_LANGUAGE_STANDARD = gnu11;
				GCC_DYNAMIC_NO_PIC = NO;
				GCC_NO_COMMON_BLOCKS = YES;
				GCC_OPTIMIZATION_LEVEL = 0;
				GCC_PREPROCESSOR_DEFINITIONS = (
					"DEBUG=1",
					"$(inherited)",
				);
				GCC_WARN_64_TO_32_BIT_CONVERSION = YES;
				GCC_WARN_ABOUT_RETURN_TYPE = YES_ERROR;
				GCC_WARN_UNDECLARED_SELECTOR = YES;
				GCC_WARN_UNINITIALIZED_AUTOS = YES_AGGRESSIVE;
				GCC_WARN_UNUSED_FUNCTION = YES;
				GCC_WARN_UNUSED_VARIABLE = YES;
				IPHONEOS_DEPLOYMENT_TARGET = 12.1;
				MTL_ENABLE_DEBUG_INFO = INCLUDE_SOURCE;
				MTL_FAST_MATH = YES;
				ONLY_ACTIVE_ARCH = YES;
				SDKROOT = iphoneos;
				SWIFT_ACTIVE_COMPILATION_CONDITIONS = DEBUG;
				SWIFT_OPTIMIZATION_LEVEL = "-Onone";
			};
			name = Debug;
		};
		18B08FCF222B13710028F450 /* Release */ = {
			isa = XCBuildConfiguration;
			buildSettings = {
				ALWAYS_SEARCH_USER_PATHS = NO;
				CLANG_ANALYZER_NONNULL = YES;
				CLANG_ANALYZER_NUMBER_OBJECT_CONVERSION = YES_AGGRESSIVE;
				CLANG_CXX_LANGUAGE_STANDARD = "gnu++14";
				CLANG_CXX_LIBRARY = "libc++";
				CLANG_ENABLE_MODULES = YES;
				CLANG_ENABLE_OBJC_ARC = YES;
				CLANG_ENABLE_OBJC_WEAK = YES;
				CLANG_WARN_BLOCK_CAPTURE_AUTORELEASING = YES;
				CLANG_WARN_BOOL_CONVERSION = YES;
				CLANG_WARN_COMMA = YES;
				CLANG_WARN_CONSTANT_CONVERSION = YES;
				CLANG_WARN_DEPRECATED_OBJC_IMPLEMENTATIONS = YES;
				CLANG_WARN_DIRECT_OBJC_ISA_USAGE = YES_ERROR;
				CLANG_WARN_DOCUMENTATION_COMMENTS = YES;
				CLANG_WARN_EMPTY_BODY = YES;
				CLANG_WARN_ENUM_CONVERSION = YES;
				CLANG_WARN_INFINITE_RECURSION = YES;
				CLANG_WARN_INT_CONVERSION = YES;
				CLANG_WARN_NON_LITERAL_NULL_CONVERSION = YES;
				CLANG_WARN_OBJC_IMPLICIT_RETAIN_SELF = YES;
				CLANG_WARN_OBJC_LITERAL_CONVERSION = YES;
				CLANG_WARN_OBJC_ROOT_CLASS = YES_ERROR;
				CLANG_WARN_RANGE_LOOP_ANALYSIS = YES;
				CLANG_WARN_STRICT_PROTOTYPES = YES;
				CLANG_WARN_SUSPICIOUS_MOVE = YES;
				CLANG_WARN_UNGUARDED_AVAILABILITY = YES_AGGRESSIVE;
				CLANG_WARN_UNREACHABLE_CODE = YES;
				CLANG_WARN__DUPLICATE_METHOD_MATCH = YES;
				CODE_SIGN_IDENTITY = "iPhone Developer";
				COPY_PHASE_STRIP = NO;
				DEBUG_INFORMATION_FORMAT = "dwarf-with-dsym";
				ENABLE_NS_ASSERTIONS = NO;
				ENABLE_STRICT_OBJC_MSGSEND = YES;
				GCC_C_LANGUAGE_STANDARD = gnu11;
				GCC_NO_COMMON_BLOCKS = YES;
				GCC_WARN_64_TO_32_BIT_CONVERSION = YES;
				GCC_WARN_ABOUT_RETURN_TYPE = YES_ERROR;
				GCC_WARN_UNDECLARED_SELECTOR = YES;
				GCC_WARN_UNINITIALIZED_AUTOS = YES_AGGRESSIVE;
				GCC_WARN_UNUSED_FUNCTION = YES;
				GCC_WARN_UNUSED_VARIABLE = YES;
				IPHONEOS_DEPLOYMENT_TARGET = 12.1;
				MTL_ENABLE_DEBUG_INFO = NO;
				MTL_FAST_MATH = YES;
				SDKROOT = iphoneos;
				SWIFT_COMPILATION_MODE = wholemodule;
				SWIFT_OPTIMIZATION_LEVEL = "-O";
				VALIDATE_PRODUCT = YES;
			};
			name = Release;
		};
		18B08FD1222B13710028F450 /* Debug */ = {
			isa = XCBuildConfiguration;
			baseConfigurationReference = 8857E832F038A34BED979856 /* Pods-The Coffee Advisor.debug.xcconfig */;
			buildSettings = {
				ASSETCATALOG_COMPILER_APPICON_NAME = AppIcon;
				CODE_SIGN_IDENTITY = "iPhone Developer";
				CODE_SIGN_STYLE = Automatic;
				DEVELOPMENT_TEAM = 2C687A3B34;
				INFOPLIST_FILE = "The Coffee Advisor/Info.plist";
				LD_RUNPATH_SEARCH_PATHS = (
					"$(inherited)",
					"@executable_path/Frameworks",
				);
				PRODUCT_BUNDLE_IDENTIFIER = "com.koraymeric.Coffee-Advisor";
				PRODUCT_NAME = "$(TARGET_NAME)";
				PROVISIONING_PROFILE_SPECIFIER = "";
				SWIFT_VERSION = 5.0;
				TARGETED_DEVICE_FAMILY = 1;
			};
			name = Debug;
		};
		18B08FD2222B13710028F450 /* Release */ = {
			isa = XCBuildConfiguration;
			baseConfigurationReference = 7333CCB69C16AB1DB3F545B4 /* Pods-The Coffee Advisor.release.xcconfig */;
			buildSettings = {
				ASSETCATALOG_COMPILER_APPICON_NAME = AppIcon;
				CODE_SIGN_IDENTITY = "iPhone Developer";
				CODE_SIGN_STYLE = Automatic;
				DEVELOPMENT_TEAM = 2C687A3B34;
				INFOPLIST_FILE = "The Coffee Advisor/Info.plist";
				LD_RUNPATH_SEARCH_PATHS = (
					"$(inherited)",
					"@executable_path/Frameworks",
				);
				PRODUCT_BUNDLE_IDENTIFIER = "com.koraymeric.Coffee-Advisor";
				PRODUCT_NAME = "$(TARGET_NAME)";
				PROVISIONING_PROFILE_SPECIFIER = "";
				SWIFT_VERSION = 5.0;
				TARGETED_DEVICE_FAMILY = 1;
			};
			name = Release;
		};
/* End XCBuildConfiguration section */

/* Begin XCConfigurationList section */
		18B08FB9222B13700028F450 /* Build configuration list for PBXProject "The Coffee Advisor" */ = {
			isa = XCConfigurationList;
			buildConfigurations = (
				18B08FCE222B13710028F450 /* Debug */,
				18B08FCF222B13710028F450 /* Release */,
			);
			defaultConfigurationIsVisible = 0;
			defaultConfigurationName = Release;
		};
		18B08FD0222B13710028F450 /* Build configuration list for PBXNativeTarget "The Coffee Advisor" */ = {
			isa = XCConfigurationList;
			buildConfigurations = (
				18B08FD1222B13710028F450 /* Debug */,
				18B08FD2222B13710028F450 /* Release */,
			);
			defaultConfigurationIsVisible = 0;
			defaultConfigurationName = Release;
		};
/* End XCConfigurationList section */
	};
	rootObject = 18B08FB6222B13700028F450 /* Project object */;
}
